
Microsoft Visual Studio Solution File, Format Version 12.00
# Visual Studio Version 17
VisualStudioVersion = 17.4.33122.133
MinimumVisualStudioVersion = 10.0.40219.1
Project("{FAE04EC0-301F-11D3-BF4B-00C04F79EFBC}") = "BE.U1-W3-D4.ASP-NET_PSettimanale_E-Commerce", "BE.U1-W3-D4.ASP-NET_PSettimanale_E-Commerce\BE.U1-W3-D4.ASP-NET_PSettimanale_E-Commerce.csproj", "{9D15C6C7-8C7C-4759-9AFC-39FF1F41A0E2}"
EndProject
Global
	GlobalSection(SolutionConfigurationPlatforms) = preSolution
		Debug|Any CPU = Debug|Any CPU
		Release|Any CPU = Release|Any CPU
	EndGlobalSection
	GlobalSection(ProjectConfigurationPlatforms) = postSolution
		{9D15C6C7-8C7C-4759-9AFC-39FF1F41A0E2}.Debug|Any CPU.ActiveCfg = Debug|Any CPU
		{9D15C6C7-8C7C-4759-9AFC-39FF1F41A0E2}.Debug|Any CPU.Build.0 = Debug|Any CPU
		{9D15C6C7-8C7C-4759-9AFC-39FF1F41A0E2}.Release|Any CPU.ActiveCfg = Release|Any CPU
		{9D15C6C7-8C7C-4759-9AFC-39FF1F41A0E2}.Release|Any CPU.Build.0 = Release|Any CPU
	EndGlobalSection
	GlobalSection(SolutionProperties) = preSolution
		HideSolutionNode = FALSE
	EndGlobalSection
	GlobalSection(ExtensibilityGlobals) = postSolution
		SolutionGuid = {0664DD6B-8F0D-4A17-957B-67318959B9FB}
	EndGlobalSection
EndGlobal
